{
  "name": "Smort-Site",
  "lockfileVersion": 2,
  "requires": true,
  "packages": {
    "": {
      "dependencies": {
        "@videogular/ngx-videogular": "^8.0.0"
      },
      "devDependencies": {
        "@types/core-js": "^2.5.5"
      }
    },
    "node_modules/@angular/common": {
      "version": "16.1.6",
      "resolved": "https://registry.npmjs.org/@angular/common/-/common-16.1.6.tgz",
      "integrity": "sha512-30Y8DGs+oosA+BcDZd1SuZ4HDT+DVZ6lVT4L+mBUH1BSkNna08FrbmrGQxO82CcxU6ZK0q1YLVkkb5cGx8y9ew==",
      "peer": true,
      "dependencies": {
        "tslib": "^2.3.0"
      },
      "engines": {
        "node": "^16.14.0 || >=18.10.0"
      },
      "peerDependencies": {
        "@angular/core": "16.1.6",
        "rxjs": "^6.5.3 || ^7.4.0"
      }
    },
    "node_modules/@angular/compiler": {
      "version": "16.1.6",
      "resolved": "https://registry.npmjs.org/@angular/compiler/-/compiler-16.1.6.tgz",
      "integrity": "sha512-BVDfKZLMb7mmLwdek+ZyzI43Zv0WNNNqnYpMeOI6egmkhtjNCxpQAy2YFKgNPse3bBGP8tKutwAtBB+Lqu/Kcw==",
      "peer": true,
      "dependencies": {
        "tslib": "^2.3.0"
      },
      "engines": {
        "node": "^16.14.0 || >=18.10.0"
      },
      "peerDependencies": {
        "@angular/core": "16.1.6"
      },
      "peerDependenciesMeta": {
        "@angular/core": {
          "optional": true
        }
      }
    },
    "node_modules/@angular/core": {
      "version": "16.1.6",
      "resolved": "https://registry.npmjs.org/@angular/core/-/core-16.1.6.tgz",
      "integrity": "sha512-tUXvVLc+Vbl8Se7hajwyUTNmKD9uPq+SZH6x8sRM2n5azzjBZltOoJfzxK5JKAkiFf/KkQhteHkMBfoDLZ2tmw==",
      "peer": true,
      "dependencies": {
        "tslib": "^2.3.0"
      },
      "engines": {
        "node": "^16.14.0 || >=18.10.0"
      },
      "peerDependencies": {
        "rxjs": "^6.5.3 || ^7.4.0",
        "zone.js": "~0.13.0"
      }
    },
    "node_modules/@angular/platform-browser": {
      "version": "16.1.6",
      "resolved": "https://registry.npmjs.org/@angular/platform-browser/-/platform-browser-16.1.6.tgz",
      "integrity": "sha512-qHwQpqhcWFAwroWwe7iiSsJrs38lrW82vHEm/sX/fcbUuLtqEDaNMf90KqzeSPIkFEkX5wwUZxdRwEh2bepf6g==",
      "peer": true,
      "dependencies": {
        "tslib": "^2.3.0"
      },
      "engines": {
        "node": "^16.14.0 || >=18.10.0"
      },
      "peerDependencies": {
        "@angular/animations": "16.1.6",
        "@angular/common": "16.1.6",
        "@angular/core": "16.1.6"
      },
      "peerDependenciesMeta": {
        "@angular/animations": {
          "optional": true
        }
      }
    },
    "node_modules/@angular/platform-browser-dynamic": {
      "version": "16.1.6",
      "resolved": "https://registry.npmjs.org/@angular/platform-browser-dynamic/-/platform-browser-dynamic-16.1.6.tgz",
      "integrity": "sha512-NZ3bcXgWq9k0pJE7EvZsatvY8++5NzAtxCdV9IM+fqgzBzkSR4le0Iud4hdBSNQF1DOwwB8KdU7Xpe9q4YsdqA==",
      "peer": true,
      "dependencies": {
        "tslib": "^2.3.0"
      },
      "engines": {
        "node": "^16.14.0 || >=18.10.0"
      },
      "peerDependencies": {
        "@angular/common": "16.1.6",
        "@angular/compiler": "16.1.6",
        "@angular/core": "16.1.6",
        "@angular/platform-browser": "16.1.6"
      }
    },
    "node_modules/@types/core-js": {
      "version": "2.5.5",
      "resolved": "https://registry.npmjs.org/@types/core-js/-/core-js-2.5.5.tgz",
      "integrity": "sha512-C4vwOHrhsvxn7UFyk4NDQNUpgNKdWsT/bL39UWyD75KSEOObZSKa9mYDOCM5FGeJG2qtbG0XiEbUKND2+j0WOg==",
      "dev": true
    },
    "node_modules/@videogular/ngx-videogular": {
      "version": "8.0.0",
      "resolved": "https://registry.npmjs.org/@videogular/ngx-videogular/-/ngx-videogular-8.0.0.tgz",
      "integrity": "sha512-yezpRzDzbKhXsfQE2iJuDsix6IJTV7dQcThq1NBsXBbjRss8DzpM9txDk59Q94nH+i1i1OkwnOOzK32bk2VLZw==",
      "dependencies": {
        "tslib": "^1.11.1 || ^2.0.0"
      },
      "peerDependencies": {
        "@angular/common": ">=8.0.0",
        "@angular/core": ">=8.0.0",
        "@angular/platform-browser-dynamic": ">=8.0.0",
        "core-js": ">=2.5.4",
        "rxjs": ">=6.5.4",
        "zone.js": ">=0.10.2"
      }
    },
    "node_modules/core-js": {
      "version": "3.31.1",
      "resolved": "https://registry.npmjs.org/core-js/-/core-js-3.31.1.tgz",
      "integrity": "sha512-2sKLtfq1eFST7l7v62zaqXacPc7uG8ZAya8ogijLhTtaKNcpzpB4TMoTw2Si+8GYKRwFPMMtUT0263QFWFfqyQ==",
      "hasInstallScript": true,
      "peer": true,
      "funding": {
        "type": "opencollective",
        "url": "https://opencollective.com/core-js"
      }
    },
    "node_modules/rxjs": {
      "version": "7.8.1",
      "resolved": "https://registry.npmjs.org/rxjs/-/rxjs-7.8.1.tgz",
      "integrity": "sha512-AA3TVj+0A2iuIoQkWEK/tqFjBq2j+6PO6Y0zJcvzLAFhEFIO3HL0vls9hWLncZbAAbK0mar7oZ4V079I/qPMxg==",
      "peer": true,
      "dependencies": {
        "tslib": "^2.1.0"
      }
    },
    "node_modules/tslib": {
      "version": "2.6.0",
      "resolved": "https://registry.npmjs.org/tslib/-/tslib-2.6.0.tgz",
      "integrity": "sha512-7At1WUettjcSRHXCyYtTselblcHl9PJFFVKiCAy/bY97+BPZXSQ2wbq0P9s8tK2G7dFQfNnlJnPAiArVBVBsfA=="
    },
    "node_modules/zone.js": {
      "version": "0.13.1",
      "resolved": "https://registry.npmjs.org/zone.js/-/zone.js-0.13.1.tgz",
      "integrity": "sha512-+bIeDAFEBYuXRuU3qGQvzdPap+N1zjM4KkBAiiQuVVCrHrhjDuY6VkUhNa5+U27+9w0q3fbKiMCbpJ0XzMmSWA==",
      "peer": true,
      "dependencies": {
        "tslib": "^2.3.0"
      }
    }
  },
  "dependencies": {
    "@angular/common": {
      "version": "16.1.6",
      "resolved": "https://registry.npmjs.org/@angular/common/-/common-16.1.6.tgz",
      "integrity": "sha512-30Y8DGs+oosA+BcDZd1SuZ4HDT+DVZ6lVT4L+mBUH1BSkNna08FrbmrGQxO82CcxU6ZK0q1YLVkkb5cGx8y9ew==",
      "peer": true,
      "requires": {
        "tslib": "^2.3.0"
      }
    },
    "@angular/compiler": {
      "version": "16.1.6",
      "resolved": "https://registry.npmjs.org/@angular/compiler/-/compiler-16.1.6.tgz",
      "integrity": "sha512-BVDfKZLMb7mmLwdek+ZyzI43Zv0WNNNqnYpMeOI6egmkhtjNCxpQAy2YFKgNPse3bBGP8tKutwAtBB+Lqu/Kcw==",
      "peer": true,
      "requires": {
        "tslib": "^2.3.0"
      }
    },
    "@angular/core": {
      "version": "16.1.6",
      "resolved": "https://registry.npmjs.org/@angular/core/-/core-16.1.6.tgz",
      "integrity": "sha512-tUXvVLc+Vbl8Se7hajwyUTNmKD9uPq+SZH6x8sRM2n5azzjBZltOoJfzxK5JKAkiFf/KkQhteHkMBfoDLZ2tmw==",
      "peer": true,
      "requires": {
        "tslib": "^2.3.0"
      }
    },
    "@angular/platform-browser": {
      "version": "16.1.6",
      "resolved": "https://registry.npmjs.org/@angular/platform-browser/-/platform-browser-16.1.6.tgz",
      "integrity": "sha512-qHwQpqhcWFAwroWwe7iiSsJrs38lrW82vHEm/sX/fcbUuLtqEDaNMf90KqzeSPIkFEkX5wwUZxdRwEh2bepf6g==",
      "peer": true,
      "requires": {
        "tslib": "^2.3.0"
      }
    },
    "@angular/platform-browser-dynamic": {
      "version": "16.1.6",
      "resolved": "https://registry.npmjs.org/@angular/platform-browser-dynamic/-/platform-browser-dynamic-16.1.6.tgz",
      "integrity": "sha512-NZ3bcXgWq9k0pJE7EvZsatvY8++5NzAtxCdV9IM+fqgzBzkSR4le0Iud4hdBSNQF1DOwwB8KdU7Xpe9q4YsdqA==",
      "peer": true,
      "requires": {
        "tslib": "^2.3.0"
      }
    },
    "@types/core-js": {
      "version": "2.5.5",
      "resolved": "https://registry.npmjs.org/@types/core-js/-/core-js-2.5.5.tgz",
      "integrity": "sha512-C4vwOHrhsvxn7UFyk4NDQNUpgNKdWsT/bL39UWyD75KSEOObZSKa9mYDOCM5FGeJG2qtbG0XiEbUKND2+j0WOg==",
      "dev": true
    },
    "@videogular/ngx-videogular": {
      "version": "8.0.0",
      "resolved": "https://registry.npmjs.org/@videogular/ngx-videogular/-/ngx-videogular-8.0.0.tgz",
      "integrity": "sha512-yezpRzDzbKhXsfQE2iJuDsix6IJTV7dQcThq1NBsXBbjRss8DzpM9txDk59Q94nH+i1i1OkwnOOzK32bk2VLZw==",
      "requires": {
        "tslib": "^1.11.1 || ^2.0.0"
      }
    },
    "core-js": {
      "version": "3.31.1",
      "resolved": "https://registry.npmjs.org/core-js/-/core-js-3.31.1.tgz",
      "integrity": "sha512-2sKLtfq1eFST7l7v62zaqXacPc7uG8ZAya8ogijLhTtaKNcpzpB4TMoTw2Si+8GYKRwFPMMtUT0263QFWFfqyQ==",
      "peer": true
    },
    "rxjs": {
      "version": "7.8.1",
      "resolved": "https://registry.npmjs.org/rxjs/-/rxjs-7.8.1.tgz",
      "integrity": "sha512-AA3TVj+0A2iuIoQkWEK/tqFjBq2j+6PO6Y0zJcvzLAFhEFIO3HL0vls9hWLncZbAAbK0mar7oZ4V079I/qPMxg==",
      "peer": true,
      "requires": {
        "tslib": "^2.1.0"
      }
    },
    "tslib": {
      "version": "2.6.0",
      "resolved": "https://registry.npmjs.org/tslib/-/tslib-2.6.0.tgz",
      "integrity": "sha512-7At1WUettjcSRHXCyYtTselblcHl9PJFFVKiCAy/bY97+BPZXSQ2wbq0P9s8tK2G7dFQfNnlJnPAiArVBVBsfA=="
    },
    "zone.js": {
      "version": "0.13.1",
      "resolved": "https://registry.npmjs.org/zone.js/-/zone.js-0.13.1.tgz",
      "integrity": "sha512-+bIeDAFEBYuXRuU3qGQvzdPap+N1zjM4KkBAiiQuVVCrHrhjDuY6VkUhNa5+U27+9w0q3fbKiMCbpJ0XzMmSWA==",
      "peer": true,
      "requires": {
        "tslib": "^2.3.0"
      }
    }
  }
}
